
Microsoft Visual Studio Solution File, Format Version 12.00
# Visual Studio Version 16
VisualStudioVersion = 16.0.33130.400
MinimumVisualStudioVersion = 10.0.40219.1
Project("{8BC9CEB8-8B4A-11D0-8D11-00A0C91BC942}") = "vsfmt", "vsfmt.vcxproj", "{A1978A4E-8E00-4637-A04C-AE1639048E97}"
EndProject
Project("{8BC9CEB8-8B4A-11D0-8D11-00A0C91BC942}") = "TestExe", "TestExe\TestExe.vcxproj", "{1219AF82-BE98-4D60-9CF3-A63528BBC5B4}"
EndProject
Global
	GlobalSection(SolutionConfigurationPlatforms) = preSolution
		Debug|x64 = Debug|x64
		Debug|x86 = Debug|x86
		Release|x64 = Release|x64
		Release|x86 = Release|x86
	EndGlobalSection
	GlobalSection(ProjectConfigurationPlatforms) = postSolution
		{A1978A4E-8E00-4637-A04C-AE1639048E97}.Debug|x64.ActiveCfg = Debug|x64
		{A1978A4E-8E00-4637-A04C-AE1639048E97}.Debug|x64.Build.0 = Debug|x64
		{A1978A4E-8E00-4637-A04C-AE1639048E97}.Debug|x86.ActiveCfg = Debug|Win32
		{A1978A4E-8E00-4637-A04C-AE1639048E97}.Debug|x86.Build.0 = Debug|Win32
		{A1978A4E-8E00-4637-A04C-AE1639048E97}.Release|x64.ActiveCfg = Release|x64
		{A1978A4E-8E00-4637-A04C-AE1639048E97}.Release|x64.Build.0 = Release|x64
		{A1978A4E-8E00-4637-A04C-AE1639048E97}.Release|x86.ActiveCfg = Release|Win32
		{A1978A4E-8E00-4637-A04C-AE1639048E97}.Release|x86.Build.0 = Release|Win32
		{1219AF82-BE98-4D60-9CF3-A63528BBC5B4}.Debug|x64.ActiveCfg = Debug|x64
		{1219AF82-BE98-4D60-9CF3-A63528BBC5B4}.Debug|x64.Build.0 = Debug|x64
		{1219AF82-BE98-4D60-9CF3-A63528BBC5B4}.Debug|x86.ActiveCfg = Debug|Win32
		{1219AF82-BE98-4D60-9CF3-A63528BBC5B4}.Debug|x86.Build.0 = Debug|Win32
		{1219AF82-BE98-4D60-9CF3-A63528BBC5B4}.Release|x64.ActiveCfg = Release|x64
		{1219AF82-BE98-4D60-9CF3-A63528BBC5B4}.Release|x64.Build.0 = Release|x64
		{1219AF82-BE98-4D60-9CF3-A63528BBC5B4}.Release|x86.ActiveCfg = Release|Win32
		{1219AF82-BE98-4D60-9CF3-A63528BBC5B4}.Release|x86.Build.0 = Release|Win32
	EndGlobalSection
	GlobalSection(SolutionProperties) = preSolution
		HideSolutionNode = FALSE
	EndGlobalSection
	GlobalSection(ExtensibilityGlobals) = postSolution
		SolutionGuid = {1DDDDB96-178C-439E-A1AD-7C56A95AAF94}
	EndGlobalSection
EndGlobal
